
Microsoft Visual Studio Solution File, Format Version 12.00
Project("{FAE04EC0-301F-11D3-BF4B-00C04F79EFBC}") = "AwesomeCalculators", "AwesomeCalculators\AwesomeCalculators.csproj", "{0F33CF2B-EEFE-4194-973F-7381F3824666}"
EndProject
Project("{FAE04EC0-301F-11D3-BF4B-00C04F79EFBC}") = "AwesomeCalculatorsTests", "AwesomeCalculatorsTests\AwesomeCalculatorsTests.csproj", "{9E183FB6-5278-455C-AA09-DEBDBF330413}"
EndProject
Project("{FAE04EC0-301F-11D3-BF4B-00C04F79EFBC}") = "SqlScripts", "SqlScripts\SqlScripts.csproj", "{7A940906-1F13-415C-8562-2B30339D2BB2}"
EndProject
Global
	GlobalSection(SolutionConfigurationPlatforms) = preSolution
		Debug|Any CPU = Debug|Any CPU
		Release|Any CPU = Release|Any CPU
	EndGlobalSection
	GlobalSection(ProjectConfigurationPlatforms) = postSolution
		{0F33CF2B-EEFE-4194-973F-7381F3824666}.Debug|Any CPU.ActiveCfg = Debug|Any CPU
		{0F33CF2B-EEFE-4194-973F-7381F3824666}.Debug|Any CPU.Build.0 = Debug|Any CPU
		{0F33CF2B-EEFE-4194-973F-7381F3824666}.Release|Any CPU.ActiveCfg = Release|Any CPU
		{0F33CF2B-EEFE-4194-973F-7381F3824666}.Release|Any CPU.Build.0 = Release|Any CPU
		{9E183FB6-5278-455C-AA09-DEBDBF330413}.Debug|Any CPU.ActiveCfg = Debug|Any CPU
		{9E183FB6-5278-455C-AA09-DEBDBF330413}.Debug|Any CPU.Build.0 = Debug|Any CPU
		{9E183FB6-5278-455C-AA09-DEBDBF330413}.Release|Any CPU.ActiveCfg = Release|Any CPU
		{9E183FB6-5278-455C-AA09-DEBDBF330413}.Release|Any CPU.Build.0 = Release|Any CPU
		{7A940906-1F13-415C-8562-2B30339D2BB2}.Debug|Any CPU.ActiveCfg = Debug|Any CPU
		{7A940906-1F13-415C-8562-2B30339D2BB2}.Debug|Any CPU.Build.0 = Debug|Any CPU
		{7A940906-1F13-415C-8562-2B30339D2BB2}.Release|Any CPU.ActiveCfg = Release|Any CPU
		{7A940906-1F13-415C-8562-2B30339D2BB2}.Release|Any CPU.Build.0 = Release|Any CPU
	EndGlobalSection
EndGlobal
